
Microsoft Visual Studio Solution File, Format Version 12.00
# Visual Studio Version 17
VisualStudioVersion = 17.3.32901.215
MinimumVisualStudioVersion = 10.0.40219.1
Project("{FAE04EC0-301F-11D3-BF4B-00C04F79EFBC}") = "GithubVoorbeelden", "GithubVoorbeelden.csproj", "{9348C06B-E830-4AF6-902D-8666851380B6}"
EndProject
Global
	GlobalSection(SolutionConfigurationPlatforms) = preSolution
		Debug|Any CPU = Debug|Any CPU
		Release|Any CPU = Release|Any CPU
	EndGlobalSection
	GlobalSection(ProjectConfigurationPlatforms) = postSolution
		{9348C06B-E830-4AF6-902D-8666851380B6}.Debug|Any CPU.ActiveCfg = Debug|Any CPU
		{9348C06B-E830-4AF6-902D-8666851380B6}.Debug|Any CPU.Build.0 = Debug|Any CPU
		{9348C06B-E830-4AF6-902D-8666851380B6}.Release|Any CPU.ActiveCfg = Release|Any CPU
		{9348C06B-E830-4AF6-902D-8666851380B6}.Release|Any CPU.Build.0 = Release|Any CPU
	EndGlobalSection
	GlobalSection(SolutionProperties) = preSolution
		HideSolutionNode = FALSE
	EndGlobalSection
	GlobalSection(ExtensibilityGlobals) = postSolution
		SolutionGuid = {C279304B-2D54-4A0E-AC80-E007417EEFB6}
	EndGlobalSection
EndGlobal
